// !$*UTF8*$!
{
	archiveVersion = 1;
	classes = {
	};
	objectVersion = 46;
	objects = {

/* Begin PBXBuildFile section */
		5901FD281CEB98E9000D345B /* NoteTableViewController.m in Sources */ = {isa = PBXBuildFile; fileRef = 5901FD261CEB98E9000D345B /* NoteTableViewController.m */; };
		5901FD291CEB98E9000D345B /* NoteTableViewController.xib in Resources */ = {isa = PBXBuildFile; fileRef = 5901FD271CEB98E9000D345B /* NoteTableViewController.xib */; };
		5924566A1CC76C4C00C5450B /* main.m in Sources */ = {isa = PBXBuildFile; fileRef = 592456691CC76C4C00C5450B /* main.m */; };
		5924566D1CC76C4C00C5450B /* AppDelegate.m in Sources */ = {isa = PBXBuildFile; fileRef = 5924566C1CC76C4C00C5450B /* AppDelegate.m */; };
		5924566F1CC76C4C00C5450B /* Assets.xcassets in Resources */ = {isa = PBXBuildFile; fileRef = 5924566E1CC76C4C00C5450B /* Assets.xcassets */; };
		592456721CC76C4C00C5450B /* LaunchScreen.storyboard in Resources */ = {isa = PBXBuildFile; fileRef = 592456701CC76C4C00C5450B /* LaunchScreen.storyboard */; };
		5924567C1CC77B4E00C5450B /* AGTCoreDataStack.m in Sources */ = {isa = PBXBuildFile; fileRef = 5924567B1CC77B4E00C5450B /* AGTCoreDataStack.m */; };
		5924567F1CC77F0C00C5450B /* Model.xcdatamodeld in Sources */ = {isa = PBXBuildFile; fileRef = 5924567D1CC77F0C00C5450B /* Model.xcdatamodeld */; };
		592F8F6B1CE1C05600FD788C /* AGTCoreDataCollectionViewController.m in Sources */ = {isa = PBXBuildFile; fileRef = 592F8F6A1CE1C05600FD788C /* AGTCoreDataCollectionViewController.m */; };
		592F8F6E1CE1C0CB00FD788C /* NotesViewController.m in Sources */ = {isa = PBXBuildFile; fileRef = 592F8F6D1CE1C0CB00FD788C /* NotesViewController.m */; };
		595842EC1CEDDBFD00B10DB3 /* location.png in Resources */ = {isa = PBXBuildFile; fileRef = 595842E91CEDDBFD00B10DB3 /* location.png */; };
		595842ED1CEDDBFD00B10DB3 /* location@2x.png in Resources */ = {isa = PBXBuildFile; fileRef = 595842EA1CEDDBFD00B10DB3 /* location@2x.png */; };
		595842EE1CEDDBFD00B10DB3 /* location@3x.png in Resources */ = {isa = PBXBuildFile; fileRef = 595842EB1CEDDBFD00B10DB3 /* location@3x.png */; };
		5958D0871CEDCB3E002688FE /* _Location.m in Sources */ = {isa = PBXBuildFile; fileRef = 5958D0861CEDCB3E002688FE /* _Location.m */; };
		5958D08D1CEDCFAD002688FE /* Location.m in Sources */ = {isa = PBXBuildFile; fileRef = 5958D08C1CEDCFAD002688FE /* Location.m */; };
		59838BE31CE1CD6B00A67E5A /* noImage.png in Resources */ = {isa = PBXBuildFile; fileRef = 59838BE21CE1CD6B00A67E5A /* noImage.png */; };
		5988C2251CEC5BB100B47E2D /* PhotoViewController.m in Sources */ = {isa = PBXBuildFile; fileRef = 5988C2231CEC5BB100B47E2D /* PhotoViewController.m */; };
		5988C2261CEC5BB100B47E2D /* PhotoViewController.xib in Resources */ = {isa = PBXBuildFile; fileRef = 5988C2241CEC5BB100B47E2D /* PhotoViewController.xib */; };
		599230321CC93DC400568E9F /* _Photo.m in Sources */ = {isa = PBXBuildFile; fileRef = 599230311CC93DC400568E9F /* _Photo.m */; };
		599230351CC93DD000568E9F /* Photo.m in Sources */ = {isa = PBXBuildFile; fileRef = 599230341CC93DD000568E9F /* Photo.m */; };
		59AFE47B1CCA1998001E7782 /* AGTCoreDataTableViewController.m in Sources */ = {isa = PBXBuildFile; fileRef = 59AFE47A1CCA1998001E7782 /* AGTCoreDataTableViewController.m */; };
		59AFE47E1CCA1A4F001E7782 /* NotebooksViewController.m in Sources */ = {isa = PBXBuildFile; fileRef = 59AFE47D1CCA1A4F001E7782 /* NotebooksViewController.m */; };
		59AFE4821CCA4198001E7782 /* UIViewController+Navigation.m in Sources */ = {isa = PBXBuildFile; fileRef = 59AFE4811CCA4198001E7782 /* UIViewController+Navigation.m */; };
		59B9646C1CC841CA00F4F700 /* _NamedEntity.m in Sources */ = {isa = PBXBuildFile; fileRef = 59B964611CC841CA00F4F700 /* _NamedEntity.m */; };
		59B9646D1CC841CA00F4F700 /* _Note.m in Sources */ = {isa = PBXBuildFile; fileRef = 59B964631CC841CA00F4F700 /* _Note.m */; };
		59B9646E1CC841CA00F4F700 /* _Notebook.m in Sources */ = {isa = PBXBuildFile; fileRef = 59B964651CC841CA00F4F700 /* _Notebook.m */; };
		59B9646F1CC841CA00F4F700 /* NamedEntity.m in Sources */ = {isa = PBXBuildFile; fileRef = 59B964671CC841CA00F4F700 /* NamedEntity.m */; };
		59B964701CC841CA00F4F700 /* Note.m in Sources */ = {isa = PBXBuildFile; fileRef = 59B964691CC841CA00F4F700 /* Note.m */; };
		59B964711CC841CA00F4F700 /* Notebook.m in Sources */ = {isa = PBXBuildFile; fileRef = 59B9646B1CC841CA00F4F700 /* Notebook.m */; };
		59BF64ED1CE0F5A2000F977F /* NoteCollectionCellView.xib in Resources */ = {isa = PBXBuildFile; fileRef = 59BF64EC1CE0F5A2000F977F /* NoteCollectionCellView.xib */; };
		59BF64F01CE0F74F000F977F /* NoteCellView.m in Sources */ = {isa = PBXBuildFile; fileRef = 59BF64EF1CE0F74F000F977F /* NoteCellView.m */; };
		59F23B461CE5D45E00201206 /* MapKit.framework in Frameworks */ = {isa = PBXBuildFile; fileRef = 59F23B451CE5D45E00201206 /* MapKit.framework */; };
		59F33A221CCAB1F000CAAA81 /* NotebookCellView.xib in Resources */ = {isa = PBXBuildFile; fileRef = 59F33A211CCAB1EF00CAAA81 /* NotebookCellView.xib */; };
		59F33A251CCAB3F000CAAA81 /* NotebookCellView.m in Sources */ = {isa = PBXBuildFile; fileRef = 59F33A241CCAB3F000CAAA81 /* NotebookCellView.m */; };
/* End PBXBuildFile section */

/* Begin PBXFileReference section */
		5901FD251CEB98E9000D345B /* NoteTableViewController.h */ = {isa = PBXFileReference; fileEncoding = 4; lastKnownFileType = sourcecode.c.h; path = NoteTableViewController.h; sourceTree = "<group>"; };
		5901FD261CEB98E9000D345B /* NoteTableViewController.m */ = {isa = PBXFileReference; fileEncoding = 4; lastKnownFileType = sourcecode.c.objc; path = NoteTableViewController.m; sourceTree = "<group>"; };
		5901FD271CEB98E9000D345B /* NoteTableViewController.xib */ = {isa = PBXFileReference; fileEncoding = 4; lastKnownFileType = file.xib; path = NoteTableViewController.xib; sourceTree = "<group>"; };
		592456651CC76C4C00C5450B /* Everpobre.app */ = {isa = PBXFileReference; explicitFileType = wrapper.application; includeInIndex = 0; path = Everpobre.app; sourceTree = BUILT_PRODUCTS_DIR; };
		592456691CC76C4C00C5450B /* main.m */ = {isa = PBXFileReference; lastKnownFileType = sourcecode.c.objc; path = main.m; sourceTree = "<group>"; };
		5924566B1CC76C4C00C5450B /* AppDelegate.h */ = {isa = PBXFileReference; lastKnownFileType = sourcecode.c.h; path = AppDelegate.h; sourceTree = "<group>"; };
		5924566C1CC76C4C00C5450B /* AppDelegate.m */ = {isa = PBXFileReference; lastKnownFileType = sourcecode.c.objc; path = AppDelegate.m; sourceTree = "<group>"; };
		5924566E1CC76C4C00C5450B /* Assets.xcassets */ = {isa = PBXFileReference; lastKnownFileType = folder.assetcatalog; path = Assets.xcassets; sourceTree = "<group>"; };
		592456711CC76C4C00C5450B /* Base */ = {isa = PBXFileReference; lastKnownFileType = file.storyboard; name = Base; path = Base.lproj/LaunchScreen.storyboard; sourceTree = "<group>"; };
		592456731CC76C4C00C5450B /* Info.plist */ = {isa = PBXFileReference; lastKnownFileType = text.plist.xml; path = Info.plist; sourceTree = "<group>"; };
		5924567A1CC77B4E00C5450B /* AGTCoreDataStack.h */ = {isa = PBXFileReference; fileEncoding = 4; lastKnownFileType = sourcecode.c.h; path = AGTCoreDataStack.h; sourceTree = "<group>"; };
		5924567B1CC77B4E00C5450B /* AGTCoreDataStack.m */ = {isa = PBXFileReference; fileEncoding = 4; lastKnownFileType = sourcecode.c.objc; path = AGTCoreDataStack.m; sourceTree = "<group>"; };
		5924567E1CC77F0C00C5450B /* Model.xcdatamodel */ = {isa = PBXFileReference; lastKnownFileType = wrapper.xcdatamodel; path = Model.xcdatamodel; sourceTree = "<group>"; };
		592F8F691CE1C05600FD788C /* AGTCoreDataCollectionViewController.h */ = {isa = PBXFileReference; fileEncoding = 4; lastKnownFileType = sourcecode.c.h; path = AGTCoreDataCollectionViewController.h; sourceTree = "<group>"; };
		592F8F6A1CE1C05600FD788C /* AGTCoreDataCollectionViewController.m */ = {isa = PBXFileReference; fileEncoding = 4; lastKnownFileType = sourcecode.c.objc; path = AGTCoreDataCollectionViewController.m; sourceTree = "<group>"; };
		592F8F6C1CE1C0CB00FD788C /* NotesViewController.h */ = {isa = PBXFileReference; fileEncoding = 4; lastKnownFileType = sourcecode.c.h; path = NotesViewController.h; sourceTree = "<group>"; };
		592F8F6D1CE1C0CB00FD788C /* NotesViewController.m */ = {isa = PBXFileReference; fileEncoding = 4; lastKnownFileType = sourcecode.c.objc; path = NotesViewController.m; sourceTree = "<group>"; };
		595842E91CEDDBFD00B10DB3 /* location.png */ = {isa = PBXFileReference; lastKnownFileType = image.png; path = location.png; sourceTree = "<group>"; };
		595842EA1CEDDBFD00B10DB3 /* location@2x.png */ = {isa = PBXFileReference; lastKnownFileType = image.png; path = "location@2x.png"; sourceTree = "<group>"; };
		595842EB1CEDDBFD00B10DB3 /* location@3x.png */ = {isa = PBXFileReference; lastKnownFileType = image.png; path = "location@3x.png"; sourceTree = "<group>"; };
		5958D0841CEDCA79002688FE /* Model2.xcdatamodel */ = {isa = PBXFileReference; lastKnownFileType = wrapper.xcdatamodel; path = Model2.xcdatamodel; sourceTree = "<group>"; };
		5958D0851CEDCB3E002688FE /* _Location.h */ = {isa = PBXFileReference; fileEncoding = 4; lastKnownFileType = sourcecode.c.h; path = _Location.h; sourceTree = "<group>"; };
		5958D0861CEDCB3E002688FE /* _Location.m */ = {isa = PBXFileReference; fileEncoding = 4; lastKnownFileType = sourcecode.c.objc; path = _Location.m; sourceTree = "<group>"; };
		5958D08B1CEDCFAD002688FE /* Location.h */ = {isa = PBXFileReference; fileEncoding = 4; lastKnownFileType = sourcecode.c.h; path = Location.h; sourceTree = "<group>"; };
		5958D08C1CEDCFAD002688FE /* Location.m */ = {isa = PBXFileReference; fileEncoding = 4; lastKnownFileType = sourcecode.c.objc; path = Location.m; sourceTree = "<group>"; };
		59838BE21CE1CD6B00A67E5A /* noImage.png */ = {isa = PBXFileReference; lastKnownFileType = image.png; path = noImage.png; sourceTree = "<group>"; };
		5988C2221CEC5BB100B47E2D /* PhotoViewController.h */ = {isa = PBXFileReference; fileEncoding = 4; lastKnownFileType = sourcecode.c.h; path = PhotoViewController.h; sourceTree = "<group>"; };
		5988C2231CEC5BB100B47E2D /* PhotoViewController.m */ = {isa = PBXFileReference; fileEncoding = 4; lastKnownFileType = sourcecode.c.objc; path = PhotoViewController.m; sourceTree = "<group>"; };
		5988C2241CEC5BB100B47E2D /* PhotoViewController.xib */ = {isa = PBXFileReference; fileEncoding = 4; lastKnownFileType = file.xib; path = PhotoViewController.xib; sourceTree = "<group>"; };
		599230301CC93DC400568E9F /* _Photo.h */ = {isa = PBXFileReference; fileEncoding = 4; lastKnownFileType = sourcecode.c.h; path = _Photo.h; sourceTree = SOURCE_ROOT; };
		599230311CC93DC400568E9F /* _Photo.m */ = {isa = PBXFileReference; fileEncoding = 4; lastKnownFileType = sourcecode.c.objc; path = _Photo.m; sourceTree = SOURCE_ROOT; };
		599230331CC93DD000568E9F /* Photo.h */ = {isa = PBXFileReference; fileEncoding = 4; lastKnownFileType = sourcecode.c.h; path = Photo.h; sourceTree = SOURCE_ROOT; };
		599230341CC93DD000568E9F /* Photo.m */ = {isa = PBXFileReference; fileEncoding = 4; lastKnownFileType = sourcecode.c.objc; path = Photo.m; sourceTree = SOURCE_ROOT; };
		599230361CC95A2B00568E9F /* Settings.h */ = {isa = PBXFileReference; fileEncoding = 4; lastKnownFileType = sourcecode.c.h; path = Settings.h; sourceTree = "<group>"; };
		59AFE4791CCA1998001E7782 /* AGTCoreDataTableViewController.h */ = {isa = PBXFileReference; fileEncoding = 4; lastKnownFileType = sourcecode.c.h; path = AGTCoreDataTableViewController.h; sourceTree = "<group>"; };
		59AFE47A1CCA1998001E7782 /* AGTCoreDataTableViewController.m */ = {isa = PBXFileReference; fileEncoding = 4; lastKnownFileType = sourcecode.c.objc; path = AGTCoreDataTableViewController.m; sourceTree = "<group>"; };
		59AFE47C1CCA1A4F001E7782 /* NotebooksViewController.h */ = {isa = PBXFileReference; fileEncoding = 4; lastKnownFileType = sourcecode.c.h; path = NotebooksViewController.h; sourceTree = "<group>"; };
		59AFE47D1CCA1A4F001E7782 /* NotebooksViewController.m */ = {isa = PBXFileReference; fileEncoding = 4; lastKnownFileType = sourcecode.c.objc; path = NotebooksViewController.m; sourceTree = "<group>"; };
		59AFE4801CCA4198001E7782 /* UIViewController+Navigation.h */ = {isa = PBXFileReference; fileEncoding = 4; lastKnownFileType = sourcecode.c.h; path = "UIViewController+Navigation.h"; sourceTree = "<group>"; };
		59AFE4811CCA4198001E7782 /* UIViewController+Navigation.m */ = {isa = PBXFileReference; fileEncoding = 4; lastKnownFileType = sourcecode.c.objc; path = "UIViewController+Navigation.m"; sourceTree = "<group>"; };
		59B964601CC841CA00F4F700 /* _NamedEntity.h */ = {isa = PBXFileReference; fileEncoding = 4; lastKnownFileType = sourcecode.c.h; path = _NamedEntity.h; sourceTree = SOURCE_ROOT; };
		59B964611CC841CA00F4F700 /* _NamedEntity.m */ = {isa = PBXFileReference; fileEncoding = 4; lastKnownFileType = sourcecode.c.objc; path = _NamedEntity.m; sourceTree = SOURCE_ROOT; };
		59B964621CC841CA00F4F700 /* _Note.h */ = {isa = PBXFileReference; fileEncoding = 4; lastKnownFileType = sourcecode.c.h; path = _Note.h; sourceTree = SOURCE_ROOT; };
		59B964631CC841CA00F4F700 /* _Note.m */ = {isa = PBXFileReference; fileEncoding = 4; lastKnownFileType = sourcecode.c.objc; path = _Note.m; sourceTree = SOURCE_ROOT; };
		59B964641CC841CA00F4F700 /* _Notebook.h */ = {isa = PBXFileReference; fileEncoding = 4; lastKnownFileType = sourcecode.c.h; path = _Notebook.h; sourceTree = SOURCE_ROOT; };
		59B964651CC841CA00F4F700 /* _Notebook.m */ = {isa = PBXFileReference; fileEncoding = 4; lastKnownFileType = sourcecode.c.objc; path = _Notebook.m; sourceTree = SOURCE_ROOT; };
		59B964661CC841CA00F4F700 /* NamedEntity.h */ = {isa = PBXFileReference; fileEncoding = 4; lastKnownFileType = sourcecode.c.h; path = NamedEntity.h; sourceTree = SOURCE_ROOT; };
		59B964671CC841CA00F4F700 /* NamedEntity.m */ = {isa = PBXFileReference; fileEncoding = 4; lastKnownFileType = sourcecode.c.objc; path = NamedEntity.m; sourceTree = SOURCE_ROOT; };
		59B964681CC841CA00F4F700 /* Note.h */ = {isa = PBXFileReference; fileEncoding = 4; lastKnownFileType = sourcecode.c.h; path = Note.h; sourceTree = SOURCE_ROOT; };
		59B964691CC841CA00F4F700 /* Note.m */ = {isa = PBXFileReference; fileEncoding = 4; lastKnownFileType = sourcecode.c.objc; path = Note.m; sourceTree = SOURCE_ROOT; };
		59B9646A1CC841CA00F4F700 /* Notebook.h */ = {isa = PBXFileReference; fileEncoding = 4; lastKnownFileType = sourcecode.c.h; path = Notebook.h; sourceTree = SOURCE_ROOT; };
		59B9646B1CC841CA00F4F700 /* Notebook.m */ = {isa = PBXFileReference; fileEncoding = 4; lastKnownFileType = sourcecode.c.objc; path = Notebook.m; sourceTree = SOURCE_ROOT; };
		59BF64EC1CE0F5A2000F977F /* NoteCollectionCellView.xib */ = {isa = PBXFileReference; fileEncoding = 4; lastKnownFileType = file.xib; path = NoteCollectionCellView.xib; sourceTree = "<group>"; };
		59BF64EE1CE0F74F000F977F /* NoteCellView.h */ = {isa = PBXFileReference; fileEncoding = 4; lastKnownFileType = sourcecode.c.h; path = NoteCellView.h; sourceTree = "<group>"; };
		59BF64EF1CE0F74F000F977F /* NoteCellView.m */ = {isa = PBXFileReference; fileEncoding = 4; lastKnownFileType = sourcecode.c.objc; path = NoteCellView.m; sourceTree = "<group>"; };
		59F23B451CE5D45E00201206 /* MapKit.framework */ = {isa = PBXFileReference; lastKnownFileType = wrapper.framework; name = MapKit.framework; path = System/Library/Frameworks/MapKit.framework; sourceTree = SDKROOT; };
		59F23B4A1CE5DC3200201206 /* DetailViewController.h */ = {isa = PBXFileReference; fileEncoding = 4; lastKnownFileType = sourcecode.c.h; path = DetailViewController.h; sourceTree = "<group>"; };
		59F33A211CCAB1EF00CAAA81 /* NotebookCellView.xib */ = {isa = PBXFileReference; fileEncoding = 4; lastKnownFileType = file.xib; path = NotebookCellView.xib; sourceTree = "<group>"; };
		59F33A231CCAB3F000CAAA81 /* NotebookCellView.h */ = {isa = PBXFileReference; fileEncoding = 4; lastKnownFileType = sourcecode.c.h; path = NotebookCellView.h; sourceTree = "<group>"; };
		59F33A241CCAB3F000CAAA81 /* NotebookCellView.m */ = {isa = PBXFileReference; fileEncoding = 4; lastKnownFileType = sourcecode.c.objc; path = NotebookCellView.m; sourceTree = "<group>"; };
/* End PBXFileReference section */

/* Begin PBXFrameworksBuildPhase section */
		592456621CC76C4C00C5450B /* Frameworks */ = {
			isa = PBXFrameworksBuildPhase;
			buildActionMask = 2147483647;
			files = (
				59F23B461CE5D45E00201206 /* MapKit.framework in Frameworks */,
			);
			runOnlyForDeploymentPostprocessing = 0;
		};
/* End PBXFrameworksBuildPhase section */

/* Begin PBXGroup section */
		5924565C1CC76C4C00C5450B = {
			isa = PBXGroup;
			children = (
				592456671CC76C4C00C5450B /* Everpobre */,
				592456661CC76C4C00C5450B /* Products */,
			);
			sourceTree = "<group>";
		};
		592456661CC76C4C00C5450B /* Products */ = {
			isa = PBXGroup;
			children = (
				592456651CC76C4C00C5450B /* Everpobre.app */,
			);
			name = Products;
			sourceTree = "<group>";
		};
		592456671CC76C4C00C5450B /* Everpobre */ = {
			isa = PBXGroup;
			children = (
				59AFE47F1CCA4062001E7782 /* Categories */,
				59F23B491CE5DBE300201206 /* Protocols */,
				592456791CC7769200C5450B /* Models */,
				59F33A201CCAB11200CAAA81 /* Views */,
				59AFE4781CCA198A001E7782 /* Controllers */,
				59F23B481CE5D4AD00201206 /* App */,
				5924566E1CC76C4C00C5450B /* Assets.xcassets */,
				592456701CC76C4C00C5450B /* LaunchScreen.storyboard */,
				592456681CC76C4C00C5450B /* Supporting Files */,
				59F23B471CE5D47800201206 /* Frameworks */,
				59838BE11CE1CD5D00A67E5A /* Resources */,
			);
			path = Everpobre;
			sourceTree = "<group>";
		};
		592456681CC76C4C00C5450B /* Supporting Files */ = {
			isa = PBXGroup;
			children = (
				592456691CC76C4C00C5450B /* main.m */,
			);
			name = "Supporting Files";
			sourceTree = "<group>";
		};
		592456791CC7769200C5450B /* Models */ = {
			isa = PBXGroup;
			children = (
				59B964721CC8428600F4F700 /* Machine */,
				59B964661CC841CA00F4F700 /* NamedEntity.h */,
				59B964671CC841CA00F4F700 /* NamedEntity.m */,
				5958D08B1CEDCFAD002688FE /* Location.h */,
				5958D08C1CEDCFAD002688FE /* Location.m */,
				59B964681CC841CA00F4F700 /* Note.h */,
				59B964691CC841CA00F4F700 /* Note.m */,
				599230331CC93DD000568E9F /* Photo.h */,
				599230341CC93DD000568E9F /* Photo.m */,
				59B9646A1CC841CA00F4F700 /* Notebook.h */,
				59B9646B1CC841CA00F4F700 /* Notebook.m */,
				5924567D1CC77F0C00C5450B /* Model.xcdatamodeld */,
				5924567A1CC77B4E00C5450B /* AGTCoreDataStack.h */,
				5924567B1CC77B4E00C5450B /* AGTCoreDataStack.m */,
			);
			name = Models;
			sourceTree = "<group>";
		};
		59838BE11CE1CD5D00A67E5A /* Resources */ = {
			isa = PBXGroup;
			children = (
				595842E91CEDDBFD00B10DB3 /* location.png */,
				595842EA1CEDDBFD00B10DB3 /* location@2x.png */,
				595842EB1CEDDBFD00B10DB3 /* location@3x.png */,
				59838BE21CE1CD6B00A67E5A /* noImage.png */,
			);
			name = Resources;
			sourceTree = "<group>";
		};
		59AFE4781CCA198A001E7782 /* Controllers */ = {
			isa = PBXGroup;
			children = (
				592F8F691CE1C05600FD788C /* AGTCoreDataCollectionViewController.h */,
				592F8F6A1CE1C05600FD788C /* AGTCoreDataCollectionViewController.m */,
				59AFE4791CCA1998001E7782 /* AGTCoreDataTableViewController.h */,
				59AFE47A1CCA1998001E7782 /* AGTCoreDataTableViewController.m */,
				59AFE47C1CCA1A4F001E7782 /* NotebooksViewController.h */,
				59AFE47D1CCA1A4F001E7782 /* NotebooksViewController.m */,
				592F8F6C1CE1C0CB00FD788C /* NotesViewController.h */,
				592F8F6D1CE1C0CB00FD788C /* NotesViewController.m */,
				5901FD251CEB98E9000D345B /* NoteTableViewController.h */,
				5901FD261CEB98E9000D345B /* NoteTableViewController.m */,
				5901FD271CEB98E9000D345B /* NoteTableViewController.xib */,
				5988C2221CEC5BB100B47E2D /* PhotoViewController.h */,
				5988C2231CEC5BB100B47E2D /* PhotoViewController.m */,
				5988C2241CEC5BB100B47E2D /* PhotoViewController.xib */,
			);
			name = Controllers;
			sourceTree = "<group>";
		};
		59AFE47F1CCA4062001E7782 /* Categories */ = {
			isa = PBXGroup;
			children = (
				59AFE4801CCA4198001E7782 /* UIViewController+Navigation.h */,
				59AFE4811CCA4198001E7782 /* UIViewController+Navigation.m */,
			);
			name = Categories;
			sourceTree = "<group>";
		};
		59B964721CC8428600F4F700 /* Machine */ = {
			isa = PBXGroup;
			children = (
				5958D0851CEDCB3E002688FE /* _Location.h */,
				5958D0861CEDCB3E002688FE /* _Location.m */,
				599230301CC93DC400568E9F /* _Photo.h */,
				599230311CC93DC400568E9F /* _Photo.m */,
				59B964601CC841CA00F4F700 /* _NamedEntity.h */,
				59B964611CC841CA00F4F700 /* _NamedEntity.m */,
				59B964621CC841CA00F4F700 /* _Note.h */,
				59B964631CC841CA00F4F700 /* _Note.m */,
				59B964641CC841CA00F4F700 /* _Notebook.h */,
				59B964651CC841CA00F4F700 /* _Notebook.m */,
			);
			name = Machine;
			sourceTree = "<group>";
		};
		59F23B471CE5D47800201206 /* Frameworks */ = {
			isa = PBXGroup;
			children = (
				59F23B451CE5D45E00201206 /* MapKit.framework */,
			);
			name = Frameworks;
			path = ..;
			sourceTree = "<group>";
		};
		59F23B481CE5D4AD00201206 /* App */ = {
			isa = PBXGroup;
			children = (
				5924566B1CC76C4C00C5450B /* AppDelegate.h */,
				5924566C1CC76C4C00C5450B /* AppDelegate.m */,
				592456731CC76C4C00C5450B /* Info.plist */,
				599230361CC95A2B00568E9F /* Settings.h */,
			);
			name = App;
			sourceTree = "<group>";
		};
		59F23B491CE5DBE300201206 /* Protocols */ = {
			isa = PBXGroup;
			children = (
				59F23B4A1CE5DC3200201206 /* DetailViewController.h */,
			);
			name = Protocols;
			sourceTree = "<group>";
		};
		59F33A201CCAB11200CAAA81 /* Views */ = {
			isa = PBXGroup;
			children = (
				59F33A211CCAB1EF00CAAA81 /* NotebookCellView.xib */,
				59F33A231CCAB3F000CAAA81 /* NotebookCellView.h */,
				59F33A241CCAB3F000CAAA81 /* NotebookCellView.m */,
				59BF64EC1CE0F5A2000F977F /* NoteCollectionCellView.xib */,
				59BF64EE1CE0F74F000F977F /* NoteCellView.h */,
				59BF64EF1CE0F74F000F977F /* NoteCellView.m */,
			);
			name = Views;
			sourceTree = "<group>";
		};
/* End PBXGroup section */

/* Begin PBXNativeTarget section */
		592456641CC76C4C00C5450B /* Everpobre */ = {
			isa = PBXNativeTarget;
			buildConfigurationList = 592456761CC76C4C00C5450B /* Build configuration list for PBXNativeTarget "Everpobre" */;
			buildPhases = (
				592456611CC76C4C00C5450B /* Sources */,
				592456621CC76C4C00C5450B /* Frameworks */,
				592456631CC76C4C00C5450B /* Resources */,
			);
			buildRules = (
			);
			dependencies = (
			);
			name = Everpobre;
			productName = Everpobre;
			productReference = 592456651CC76C4C00C5450B /* Everpobre.app */;
			productType = "com.apple.product-type.application";
		};
/* End PBXNativeTarget section */

/* Begin PBXProject section */
		5924565D1CC76C4C00C5450B /* Project object */ = {
			isa = PBXProject;
			attributes = {
				LastUpgradeCheck = 0730;
				ORGANIZATIONNAME = "David de Tena";
				TargetAttributes = {
					592456641CC76C4C00C5450B = {
						CreatedOnToolsVersion = 7.3;
						DevelopmentTeam = QF5L9JVR92;
					};
				};
			};
			buildConfigurationList = 592456601CC76C4C00C5450B /* Build configuration list for PBXProject "Everpobre" */;
			compatibilityVersion = "Xcode 3.2";
			developmentRegion = English;
			hasScannedForEncodings = 0;
			knownRegions = (
				en,
				Base,
			);
			mainGroup = 5924565C1CC76C4C00C5450B;
			productRefGroup = 592456661CC76C4C00C5450B /* Products */;
			projectDirPath = "";
			projectRoot = "";
			targets = (
				592456641CC76C4C00C5450B /* Everpobre */,
			);
		};
/* End PBXProject section */

/* Begin PBXResourcesBuildPhase section */
		592456631CC76C4C00C5450B /* Resources */ = {
			isa = PBXResourcesBuildPhase;
			buildActionMask = 2147483647;
			files = (
				5901FD291CEB98E9000D345B /* NoteTableViewController.xib in Resources */,
				5988C2261CEC5BB100B47E2D /* PhotoViewController.xib in Resources */,
				59BF64ED1CE0F5A2000F977F /* NoteCollectionCellView.xib in Resources */,
				59F33A221CCAB1F000CAAA81 /* NotebookCellView.xib in Resources */,
				595842EE1CEDDBFD00B10DB3 /* location@3x.png in Resources */,
				595842EC1CEDDBFD00B10DB3 /* location.png in Resources */,
				59838BE31CE1CD6B00A67E5A /* noImage.png in Resources */,
				5924566F1CC76C4C00C5450B /* Assets.xcassets in Resources */,
				595842ED1CEDDBFD00B10DB3 /* location@2x.png in Resources */,
				592456721CC76C4C00C5450B /* LaunchScreen.storyboard in Resources */,
			);
			runOnlyForDeploymentPostprocessing = 0;
		};
/* End PBXResourcesBuildPhase section */

/* Begin PBXSourcesBuildPhase section */
		592456611CC76C4C00C5450B /* Sources */ = {
			isa = PBXSourcesBuildPhase;
			buildActionMask = 2147483647;
			files = (
				599230351CC93DD000568E9F /* Photo.m in Sources */,
				59BF64F01CE0F74F000F977F /* NoteCellView.m in Sources */,
				592F8F6B1CE1C05600FD788C /* AGTCoreDataCollectionViewController.m in Sources */,
				599230321CC93DC400568E9F /* _Photo.m in Sources */,
				59B964711CC841CA00F4F700 /* Notebook.m in Sources */,
				59B964701CC841CA00F4F700 /* Note.m in Sources */,
				5924567C1CC77B4E00C5450B /* AGTCoreDataStack.m in Sources */,
				5924566D1CC76C4C00C5450B /* AppDelegate.m in Sources */,
				5988C2251CEC5BB100B47E2D /* PhotoViewController.m in Sources */,
				5958D0871CEDCB3E002688FE /* _Location.m in Sources */,
				5958D08D1CEDCFAD002688FE /* Location.m in Sources */,
				59AFE4821CCA4198001E7782 /* UIViewController+Navigation.m in Sources */,
				59B9646F1CC841CA00F4F700 /* NamedEntity.m in Sources */,
				59AFE47E1CCA1A4F001E7782 /* NotebooksViewController.m in Sources */,
				59F33A251CCAB3F000CAAA81 /* NotebookCellView.m in Sources */,
				5924566A1CC76C4C00C5450B /* main.m in Sources */,
				59AFE47B1CCA1998001E7782 /* AGTCoreDataTableViewController.m in Sources */,
				59B9646D1CC841CA00F4F700 /* _Note.m in Sources */,
				592F8F6E1CE1C0CB00FD788C /* NotesViewController.m in Sources */,
				59B9646C1CC841CA00F4F700 /* _NamedEntity.m in Sources */,
				59B9646E1CC841CA00F4F700 /* _Notebook.m in Sources */,
				5924567F1CC77F0C00C5450B /* Model.xcdatamodeld in Sources */,
				5901FD281CEB98E9000D345B /* NoteTableViewController.m in Sources */,
			);
			runOnlyForDeploymentPostprocessing = 0;
		};
/* End PBXSourcesBuildPhase section */

/* Begin PBXVariantGroup section */
		592456701CC76C4C00C5450B /* LaunchScreen.storyboard */ = {
			isa = PBXVariantGroup;
			children = (
				592456711CC76C4C00C5450B /* Base */,
			);
			name = LaunchScreen.storyboard;
			sourceTree = "<group>";
		};
/* End PBXVariantGroup section */

/* Begin XCBuildConfiguration section */
		592456741CC76C4C00C5450B /* Debug */ = {
			isa = XCBuildConfiguration;
			buildSettings = {
				ALWAYS_SEARCH_USER_PATHS = NO;
				CLANG_ANALYZER_NONNULL = YES;
				CLANG_CXX_LANGUAGE_STANDARD = "gnu++0x";
				CLANG_CXX_LIBRARY = "libc++";
				CLANG_ENABLE_MODULES = YES;
				CLANG_ENABLE_OBJC_ARC = YES;
				CLANG_WARN_BOOL_CONVERSION = YES;
				CLANG_WARN_CONSTANT_CONVERSION = YES;
				CLANG_WARN_DIRECT_OBJC_ISA_USAGE = YES_ERROR;
				CLANG_WARN_EMPTY_BODY = YES;
				CLANG_WARN_ENUM_CONVERSION = YES;
				CLANG_WARN_INT_CONVERSION = YES;
				CLANG_WARN_OBJC_ROOT_CLASS = YES_ERROR;
				CLANG_WARN_UNREACHABLE_CODE = YES;
				CLANG_WARN__DUPLICATE_METHOD_MATCH = YES;
				"CODE_SIGN_IDENTITY[sdk=iphoneos*]" = "iPhone Developer";
				COPY_PHASE_STRIP = NO;
				DEBUG_INFORMATION_FORMAT = dwarf;
				ENABLE_STRICT_OBJC_MSGSEND = YES;
				ENABLE_TESTABILITY = YES;
				GCC_C_LANGUAGE_STANDARD = gnu99;
				GCC_DYNAMIC_NO_PIC = NO;
				GCC_NO_COMMON_BLOCKS = YES;
				GCC_OPTIMIZATION_LEVEL = 0;
				GCC_PREPROCESSOR_DEFINITIONS = (
					"DEBUG=1",
					"$(inherited)",
				);
				GCC_WARN_64_TO_32_BIT_CONVERSION = YES;
				GCC_WARN_ABOUT_RETURN_TYPE = YES_ERROR;
				GCC_WARN_UNDECLARED_SELECTOR = YES;
				GCC_WARN_UNINITIALIZED_AUTOS = YES_AGGRESSIVE;
				GCC_WARN_UNUSED_FUNCTION = YES;
				GCC_WARN_UNUSED_VARIABLE = YES;
				IPHONEOS_DEPLOYMENT_TARGET = 7.1;
				MTL_ENABLE_DEBUG_INFO = YES;
				ONLY_ACTIVE_ARCH = YES;
				SDKROOT = iphoneos;
			};
			name = Debug;
		};
		592456751CC76C4C00C5450B /* Release */ = {
			isa = XCBuildConfiguration;
			buildSettings = {
				ALWAYS_SEARCH_USER_PATHS = NO;
				CLANG_ANALYZER_NONNULL = YES;
				CLANG_CXX_LANGUAGE_STANDARD = "gnu++0x";
				CLANG_CXX_LIBRARY = "libc++";
				CLANG_ENABLE_MODULES = YES;
				CLANG_ENABLE_OBJC_ARC = YES;
				CLANG_WARN_BOOL_CONVERSION = YES;
				CLANG_WARN_CONSTANT_CONVERSION = YES;
				CLANG_WARN_DIRECT_OBJC_ISA_USAGE = YES_ERROR;
				CLANG_WARN_EMPTY_BODY = YES;
				CLANG_WARN_ENUM_CONVERSION = YES;
				CLANG_WARN_INT_CONVERSION = YES;
				CLANG_WARN_OBJC_ROOT_CLASS = YES_ERROR;
				CLANG_WARN_UNREACHABLE_CODE = YES;
				CLANG_WARN__DUPLICATE_METHOD_MATCH = YES;
				"CODE_SIGN_IDENTITY[sdk=iphoneos*]" = "iPhone Developer";
				COPY_PHASE_STRIP = NO;
				DEBUG_INFORMATION_FORMAT = "dwarf-with-dsym";
				ENABLE_NS_ASSERTIONS = NO;
				ENABLE_STRICT_OBJC_MSGSEND = YES;
				GCC_C_LANGUAGE_STANDARD = gnu99;
				GCC_NO_COMMON_BLOCKS = YES;
				GCC_WARN_64_TO_32_BIT_CONVERSION = YES;
				GCC_WARN_ABOUT_RETURN_TYPE = YES_ERROR;
				GCC_WARN_UNDECLARED_SELECTOR = YES;
				GCC_WARN_UNINITIALIZED_AUTOS = YES_AGGRESSIVE;
				GCC_WARN_UNUSED_FUNCTION = YES;
				GCC_WARN_UNUSED_VARIABLE = YES;
				IPHONEOS_DEPLOYMENT_TARGET = 7.1;
				MTL_ENABLE_DEBUG_INFO = NO;
				SDKROOT = iphoneos;
				VALIDATE_PRODUCT = YES;
			};
			name = Release;
		};
		592456771CC76C4C00C5450B /* Debug */ = {
			isa = XCBuildConfiguration;
			buildSettings = {
				ASSETCATALOG_COMPILER_APPICON_NAME = AppIcon;
				CODE_SIGN_IDENTITY = "iPhone Developer";
				INFOPLIST_FILE = Everpobre/Info.plist;
				IPHONEOS_DEPLOYMENT_TARGET = 9.3;
				LD_RUNPATH_SEARCH_PATHS = "$(inherited) @executable_path/Frameworks";
				PRODUCT_BUNDLE_IDENTIFIER = com.daviddetena.Everpobre;
				PRODUCT_NAME = "$(TARGET_NAME)";
			};
			name = Debug;
		};
		592456781CC76C4C00C5450B /* Release */ = {
			isa = XCBuildConfiguration;
			buildSettings = {
				ASSETCATALOG_COMPILER_APPICON_NAME = AppIcon;
				CODE_SIGN_IDENTITY = "iPhone Developer";
				INFOPLIST_FILE = Everpobre/Info.plist;
				IPHONEOS_DEPLOYMENT_TARGET = 9.3;
				LD_RUNPATH_SEARCH_PATHS = "$(inherited) @executable_path/Frameworks";
				PRODUCT_BUNDLE_IDENTIFIER = com.daviddetena.Everpobre;
				PRODUCT_NAME = "$(TARGET_NAME)";
			};
			name = Release;
		};
/* End XCBuildConfiguration section */

/* Begin XCConfigurationList section */
		592456601CC76C4C00C5450B /* Build configuration list for PBXProject "Everpobre" */ = {
			isa = XCConfigurationList;
			buildConfigurations = (
				592456741CC76C4C00C5450B /* Debug */,
				592456751CC76C4C00C5450B /* Release */,
			);
			defaultConfigurationIsVisible = 0;
			defaultConfigurationName = Release;
		};
		592456761CC76C4C00C5450B /* Build configuration list for PBXNativeTarget "Everpobre" */ = {
			isa = XCConfigurationList;
			buildConfigurations = (
				592456771CC76C4C00C5450B /* Debug */,
				592456781CC76C4C00C5450B /* Release */,
			);
			defaultConfigurationIsVisible = 0;
			defaultConfigurationName = Release;
		};
/* End XCConfigurationList section */

/* Begin XCVersionGroup section */
		5924567D1CC77F0C00C5450B /* Model.xcdatamodeld */ = {
			isa = XCVersionGroup;
			children = (
				5958D0841CEDCA79002688FE /* Model2.xcdatamodel */,
				5924567E1CC77F0C00C5450B /* Model.xcdatamodel */,
			);
			currentVersion = 5958D0841CEDCA79002688FE /* Model2.xcdatamodel */;
			name = Model.xcdatamodeld;
			path = ../Model.xcdatamodeld;
			sourceTree = "<group>";
			versionGroupType = wrapper.xcdatamodel;
		};
/* End XCVersionGroup section */
	};
	rootObject = 5924565D1CC76C4C00C5450B /* Project object */;
}
